
Microsoft Visual Studio Solution File, Format Version 12.00
# Visual Studio Version 17
VisualStudioVersion = 17.1.32228.430
MinimumVisualStudioVersion = 10.0.40219.1
Project("{2150E333-8FDC-42A3-9474-1A3956D46DE8}") = "Consumers", "Consumers", "{FEA49ED1-712D-4B94-9FBE-C3FB34BC7139}"
EndProject
Project("{9A19103F-16F7-4668-BE54-9A1E7A4F7556}") = "SampleKafka.Consumer", "src\SampleKafka.Consumer\SampleKafka.Consumer.csproj", "{7112C118-8B4B-4E4B-B4F9-9AD735C5E628}"
EndProject
Project("{2150E333-8FDC-42A3-9474-1A3956D46DE8}") = "Producers", "Producers", "{6509A90C-0F9B-4316-BDB9-B59EF3EA5632}"
EndProject
Project("{9A19103F-16F7-4668-BE54-9A1E7A4F7556}") = "SampleKafka.Producer", "src\SampleKafka.Producer\SampleKafka.Producer.csproj", "{02AD7600-ECC8-44A0-A686-C3B3E379920F}"
EndProject
Project("{2150E333-8FDC-42A3-9474-1A3956D46DE8}") = "Advanced", "Advanced", "{A4F7C739-FE7E-4F34-92C1-A1C0D3954A49}"
EndProject
Project("{FAE04EC0-301F-11D3-BF4B-00C04F79EFBC}") = "SampleKafka.Advanced", "src\SampleKafka.Advanced\SampleKafka.Advanced.csproj", "{71EC69A0-3220-44E5-AAEA-A9B0C41D1A5A}"
EndProject
Project("{2150E333-8FDC-42A3-9474-1A3956D46DE8}") = "ToHostedService", "ToHostedService", "{7473C99C-15D9-4E10-88D7-4FCC34571421}"
EndProject
Project("{FAE04EC0-301F-11D3-BF4B-00C04F79EFBC}") = "SampleKafka.ToHostedService", "src\SampleKafka.ToHostedService\SampleKafka.ToHostedService.csproj", "{5EB6B74A-7946-476D-910D-1378A85D50F0}"
EndProject
Global
	GlobalSection(SolutionConfigurationPlatforms) = preSolution
		Debug|Any CPU = Debug|Any CPU
		Release|Any CPU = Release|Any CPU
	EndGlobalSection
	GlobalSection(ProjectConfigurationPlatforms) = postSolution
		{7112C118-8B4B-4E4B-B4F9-9AD735C5E628}.Debug|Any CPU.ActiveCfg = Debug|Any CPU
		{7112C118-8B4B-4E4B-B4F9-9AD735C5E628}.Debug|Any CPU.Build.0 = Debug|Any CPU
		{7112C118-8B4B-4E4B-B4F9-9AD735C5E628}.Release|Any CPU.ActiveCfg = Release|Any CPU
		{7112C118-8B4B-4E4B-B4F9-9AD735C5E628}.Release|Any CPU.Build.0 = Release|Any CPU
		{02AD7600-ECC8-44A0-A686-C3B3E379920F}.Debug|Any CPU.ActiveCfg = Debug|Any CPU
		{02AD7600-ECC8-44A0-A686-C3B3E379920F}.Debug|Any CPU.Build.0 = Debug|Any CPU
		{02AD7600-ECC8-44A0-A686-C3B3E379920F}.Release|Any CPU.ActiveCfg = Release|Any CPU
		{02AD7600-ECC8-44A0-A686-C3B3E379920F}.Release|Any CPU.Build.0 = Release|Any CPU
		{71EC69A0-3220-44E5-AAEA-A9B0C41D1A5A}.Debug|Any CPU.ActiveCfg = Debug|Any CPU
		{71EC69A0-3220-44E5-AAEA-A9B0C41D1A5A}.Debug|Any CPU.Build.0 = Debug|Any CPU
		{71EC69A0-3220-44E5-AAEA-A9B0C41D1A5A}.Release|Any CPU.ActiveCfg = Release|Any CPU
		{71EC69A0-3220-44E5-AAEA-A9B0C41D1A5A}.Release|Any CPU.Build.0 = Release|Any CPU
		{5EB6B74A-7946-476D-910D-1378A85D50F0}.Debug|Any CPU.ActiveCfg = Debug|Any CPU
		{5EB6B74A-7946-476D-910D-1378A85D50F0}.Debug|Any CPU.Build.0 = Debug|Any CPU
		{5EB6B74A-7946-476D-910D-1378A85D50F0}.Release|Any CPU.ActiveCfg = Release|Any CPU
		{5EB6B74A-7946-476D-910D-1378A85D50F0}.Release|Any CPU.Build.0 = Release|Any CPU
	EndGlobalSection
	GlobalSection(SolutionProperties) = preSolution
		HideSolutionNode = FALSE
	EndGlobalSection
	GlobalSection(NestedProjects) = preSolution
		{7112C118-8B4B-4E4B-B4F9-9AD735C5E628} = {FEA49ED1-712D-4B94-9FBE-C3FB34BC7139}
		{02AD7600-ECC8-44A0-A686-C3B3E379920F} = {6509A90C-0F9B-4316-BDB9-B59EF3EA5632}
		{71EC69A0-3220-44E5-AAEA-A9B0C41D1A5A} = {A4F7C739-FE7E-4F34-92C1-A1C0D3954A49}
		{5EB6B74A-7946-476D-910D-1378A85D50F0} = {7473C99C-15D9-4E10-88D7-4FCC34571421}
	EndGlobalSection
	GlobalSection(ExtensibilityGlobals) = postSolution
		SolutionGuid = {786A0085-5D02-48E3-A7DE-4CDE8A4F6E60}
	EndGlobalSection
EndGlobal
